
Microsoft Visual Studio Solution File, Format Version 12.00
# Visual Studio 15
VisualStudioVersion = 15.0.27004.2006
MinimumVisualStudioVersion = 10.0.40219.1
Project("{9A19103F-16F7-4668-BE54-9A1E7A4F7556}") = "DataModel", "DataModel\DataModel.csproj", "{79E3EA08-8706-4FA5-96F0-BBE31A8597C3}"
EndProject
Project("{9A19103F-16F7-4668-BE54-9A1E7A4F7556}") = "VulcanWebAPI", "VulcanWebAPI\VulcanWebAPI.csproj", "{3D674FA0-5EDA-4D35-A01C-5A2549282744}"
EndProject
Project("{FAE04EC0-301F-11D3-BF4B-00C04F79EFBC}") = "02.SimpleHttpClient", "SimpleHttpClient\02.SimpleHttpClient.csproj", "{5FB63708-B1E0-4330-95B9-61EFEAC820DD}"
EndProject
Project("{FAE04EC0-301F-11D3-BF4B-00C04F79EFBC}") = "02.BadUrl", "BadUrl\02.BadUrl.csproj", "{8281617B-F65E-47A3-A159-35AB9B6F57A2}"
EndProject
Project("{FAE04EC0-301F-11D3-BF4B-00C04F79EFBC}") = "03.GetMethod", "GetMethod\03.GetMethod.csproj", "{C0C0D907-C496-4C4C-B201-FDBAC35FADFF}"
EndProject
Project("{FAE04EC0-301F-11D3-BF4B-00C04F79EFBC}") = "04.GetQueryStringMethod", "GetQueryStringMethod\04.GetQueryStringMethod.csproj", "{1C32E8F8-01D3-4068-8F53-AD4FA27FFDE3}"
EndProject
Project("{FAE04EC0-301F-11D3-BF4B-00C04F79EFBC}") = "05.FormDataPost", "FormDataPost\05.FormDataPost.csproj", "{BB821B0C-4155-45D2-9A29-BB2114E836E0}"
EndProject
Project("{FAE04EC0-301F-11D3-BF4B-00C04F79EFBC}") = "06.MultiPartPost", "MultiPartPost\06.MultiPartPost.csproj", "{AE1847A6-C6E0-499B-9ADF-62E8EC421457}"
EndProject
Project("{FAE04EC0-301F-11D3-BF4B-00C04F79EFBC}") = "07.JsonPost", "JsonPost\07.JsonPost.csproj", "{61744C23-0939-4AD3-8D6C-593C3E6FC171}"
EndProject
Global
	GlobalSection(SolutionConfigurationPlatforms) = preSolution
		Debug|Any CPU = Debug|Any CPU
		Release|Any CPU = Release|Any CPU
	EndGlobalSection
	GlobalSection(ProjectConfigurationPlatforms) = postSolution
		{79E3EA08-8706-4FA5-96F0-BBE31A8597C3}.Debug|Any CPU.ActiveCfg = Debug|Any CPU
		{79E3EA08-8706-4FA5-96F0-BBE31A8597C3}.Debug|Any CPU.Build.0 = Debug|Any CPU
		{79E3EA08-8706-4FA5-96F0-BBE31A8597C3}.Release|Any CPU.ActiveCfg = Release|Any CPU
		{79E3EA08-8706-4FA5-96F0-BBE31A8597C3}.Release|Any CPU.Build.0 = Release|Any CPU
		{3D674FA0-5EDA-4D35-A01C-5A2549282744}.Debug|Any CPU.ActiveCfg = Debug|Any CPU
		{3D674FA0-5EDA-4D35-A01C-5A2549282744}.Debug|Any CPU.Build.0 = Debug|Any CPU
		{3D674FA0-5EDA-4D35-A01C-5A2549282744}.Release|Any CPU.ActiveCfg = Release|Any CPU
		{3D674FA0-5EDA-4D35-A01C-5A2549282744}.Release|Any CPU.Build.0 = Release|Any CPU
		{5FB63708-B1E0-4330-95B9-61EFEAC820DD}.Debug|Any CPU.ActiveCfg = Debug|Any CPU
		{5FB63708-B1E0-4330-95B9-61EFEAC820DD}.Debug|Any CPU.Build.0 = Debug|Any CPU
		{5FB63708-B1E0-4330-95B9-61EFEAC820DD}.Release|Any CPU.ActiveCfg = Release|Any CPU
		{5FB63708-B1E0-4330-95B9-61EFEAC820DD}.Release|Any CPU.Build.0 = Release|Any CPU
		{8281617B-F65E-47A3-A159-35AB9B6F57A2}.Debug|Any CPU.ActiveCfg = Debug|Any CPU
		{8281617B-F65E-47A3-A159-35AB9B6F57A2}.Debug|Any CPU.Build.0 = Debug|Any CPU
		{8281617B-F65E-47A3-A159-35AB9B6F57A2}.Release|Any CPU.ActiveCfg = Release|Any CPU
		{8281617B-F65E-47A3-A159-35AB9B6F57A2}.Release|Any CPU.Build.0 = Release|Any CPU
		{C0C0D907-C496-4C4C-B201-FDBAC35FADFF}.Debug|Any CPU.ActiveCfg = Debug|Any CPU
		{C0C0D907-C496-4C4C-B201-FDBAC35FADFF}.Debug|Any CPU.Build.0 = Debug|Any CPU
		{C0C0D907-C496-4C4C-B201-FDBAC35FADFF}.Release|Any CPU.ActiveCfg = Release|Any CPU
		{C0C0D907-C496-4C4C-B201-FDBAC35FADFF}.Release|Any CPU.Build.0 = Release|Any CPU
		{1C32E8F8-01D3-4068-8F53-AD4FA27FFDE3}.Debug|Any CPU.ActiveCfg = Debug|Any CPU
		{1C32E8F8-01D3-4068-8F53-AD4FA27FFDE3}.Debug|Any CPU.Build.0 = Debug|Any CPU
		{1C32E8F8-01D3-4068-8F53-AD4FA27FFDE3}.Release|Any CPU.ActiveCfg = Release|Any CPU
		{1C32E8F8-01D3-4068-8F53-AD4FA27FFDE3}.Release|Any CPU.Build.0 = Release|Any CPU
		{BB821B0C-4155-45D2-9A29-BB2114E836E0}.Debug|Any CPU.ActiveCfg = Debug|Any CPU
		{BB821B0C-4155-45D2-9A29-BB2114E836E0}.Debug|Any CPU.Build.0 = Debug|Any CPU
		{BB821B0C-4155-45D2-9A29-BB2114E836E0}.Release|Any CPU.ActiveCfg = Release|Any CPU
		{BB821B0C-4155-45D2-9A29-BB2114E836E0}.Release|Any CPU.Build.0 = Release|Any CPU
		{AE1847A6-C6E0-499B-9ADF-62E8EC421457}.Debug|Any CPU.ActiveCfg = Debug|Any CPU
		{AE1847A6-C6E0-499B-9ADF-62E8EC421457}.Debug|Any CPU.Build.0 = Debug|Any CPU
		{AE1847A6-C6E0-499B-9ADF-62E8EC421457}.Release|Any CPU.ActiveCfg = Release|Any CPU
		{AE1847A6-C6E0-499B-9ADF-62E8EC421457}.Release|Any CPU.Build.0 = Release|Any CPU
		{61744C23-0939-4AD3-8D6C-593C3E6FC171}.Debug|Any CPU.ActiveCfg = Debug|Any CPU
		{61744C23-0939-4AD3-8D6C-593C3E6FC171}.Debug|Any CPU.Build.0 = Debug|Any CPU
		{61744C23-0939-4AD3-8D6C-593C3E6FC171}.Release|Any CPU.ActiveCfg = Release|Any CPU
		{61744C23-0939-4AD3-8D6C-593C3E6FC171}.Release|Any CPU.Build.0 = Release|Any CPU
	EndGlobalSection
	GlobalSection(SolutionProperties) = preSolution
		HideSolutionNode = FALSE
	EndGlobalSection
	GlobalSection(ExtensibilityGlobals) = postSolution
		SolutionGuid = {5CF78E60-D6FD-4F64-B6EE-32D29036AF97}
	EndGlobalSection
EndGlobal
