
Microsoft Visual Studio Solution File, Format Version 12.00
# Visual Studio 15
VisualStudioVersion = 15.0.27004.2006
MinimumVisualStudioVersion = 10.0.40219.1
Project("{9A19103F-16F7-4668-BE54-9A1E7A4F7556}") = "DataModel", "DataModel\DataModel.csproj", "{79E3EA08-8706-4FA5-96F0-BBE31A8597C3}"
EndProject
Project("{9A19103F-16F7-4668-BE54-9A1E7A4F7556}") = "VulcanWebAPI", "VulcanWebAPI\VulcanWebAPI.csproj", "{3D674FA0-5EDA-4D35-A01C-5A2549282744}"
EndProject
Global
	GlobalSection(SolutionConfigurationPlatforms) = preSolution
		Debug|Any CPU = Debug|Any CPU
		Release|Any CPU = Release|Any CPU
	EndGlobalSection
	GlobalSection(ProjectConfigurationPlatforms) = postSolution
		{79E3EA08-8706-4FA5-96F0-BBE31A8597C3}.Debug|Any CPU.ActiveCfg = Debug|Any CPU
		{79E3EA08-8706-4FA5-96F0-BBE31A8597C3}.Debug|Any CPU.Build.0 = Debug|Any CPU
		{79E3EA08-8706-4FA5-96F0-BBE31A8597C3}.Release|Any CPU.ActiveCfg = Release|Any CPU
		{79E3EA08-8706-4FA5-96F0-BBE31A8597C3}.Release|Any CPU.Build.0 = Release|Any CPU
		{3D674FA0-5EDA-4D35-A01C-5A2549282744}.Debug|Any CPU.ActiveCfg = Debug|Any CPU
		{3D674FA0-5EDA-4D35-A01C-5A2549282744}.Debug|Any CPU.Build.0 = Debug|Any CPU
		{3D674FA0-5EDA-4D35-A01C-5A2549282744}.Release|Any CPU.ActiveCfg = Release|Any CPU
		{3D674FA0-5EDA-4D35-A01C-5A2549282744}.Release|Any CPU.Build.0 = Release|Any CPU
	EndGlobalSection
	GlobalSection(SolutionProperties) = preSolution
		HideSolutionNode = FALSE
	EndGlobalSection
	GlobalSection(ExtensibilityGlobals) = postSolution
		SolutionGuid = {5CF78E60-D6FD-4F64-B6EE-32D29036AF97}
	EndGlobalSection
EndGlobal
